
Microsoft Visual Studio Solution File, Format Version 12.00
# Visual Studio Version 17
VisualStudioVersion = 17.3.32929.385
MinimumVisualStudioVersion = 10.0.40219.1
Project("{FAE04EC0-301F-11D3-BF4B-00C04F79EFBC}") = "RestaurantAPI", "RestaurantAPI.csproj", "{D78BDFB8-0DDD-4B0E-A081-2D028FB2A592}"
EndProject
Global
	GlobalSection(SolutionConfigurationPlatforms) = preSolution
		Debug|Any CPU = Debug|Any CPU
		Release|Any CPU = Release|Any CPU
	EndGlobalSection
	GlobalSection(ProjectConfigurationPlatforms) = postSolution
		{D78BDFB8-0DDD-4B0E-A081-2D028FB2A592}.Debug|Any CPU.ActiveCfg = Debug|Any CPU
		{D78BDFB8-0DDD-4B0E-A081-2D028FB2A592}.Debug|Any CPU.Build.0 = Debug|Any CPU
		{D78BDFB8-0DDD-4B0E-A081-2D028FB2A592}.Release|Any CPU.ActiveCfg = Release|Any CPU
		{D78BDFB8-0DDD-4B0E-A081-2D028FB2A592}.Release|Any CPU.Build.0 = Release|Any CPU
	EndGlobalSection
	GlobalSection(SolutionProperties) = preSolution
		HideSolutionNode = FALSE
	EndGlobalSection
	GlobalSection(ExtensibilityGlobals) = postSolution
		SolutionGuid = {56650FD7-D9EE-4BF8-ACB5-8DF355B941AC}
	EndGlobalSection
EndGlobal
